github.com/davecgh/go-spew v1.1.0/go.mod h1:J7Y8YcW2NihsgmVo/mv3lAwl/skON4iLHjSsI+c5H38=
github.com/gotk3/gotk3 v0.4.0 h1:TIuhyQitGeRTxOQIV3AJlYtEWWJpC74JHwAIsxlH8MU=
github.com/gotk3/gotk3 v0.4.0/go.mod h1:Eew3QBwAOBTrfFFDmsDE5wZWbcagBL1NUslj1GhRveo=
github.com/gotk3/gotk3 v0.6.1 h1:GJ400a0ecEEWrzjBvzBzH+pB/esEMIGdB9zPSmBdoeo=
github.com/gotk3/gotk3 v0.6.1/go.mod h1:/hqFpkNa9T3JgNAE2fLvCdov7c5bw//FHNZrZ3Uv9/Q=
github.com/hultan/softteam v0.1.2 h1:fw7tA7nDxMvpgAjFEckYXYKhTE7xBcSlU0RuxhcRve4=
github.com/hultan/softteam v0.1.2/go.mod h1:QEXMKw8q+S4qRoL0REfFtTa9e8d8Kj9KHFq/U2skAPY=
github.com/hultan/softteam v1.2.4 h1:yMC11OIWkpYKXmrdVfVet6aXkn28SMigKdx9ZDNIdkQ=
github.com/hultan/softteam v1.2.4/go.mod h1:nQlNmvyd/tuyrV5lucalOSTJfCJMQuGWmD71OolFTYw=
github.com/hultan/softteam-tools v1.2.0 h1:J0ZS2BOUHJBfwH02NsQoO5/inj/vsPaJDV7FBUdy+TU=
github.com/hultan/softteam-tools v1.2.0/go.mod h1:PxNInslnmARlAlqpYK/DhUGndmWVRU8HAh/Ir8RL9mI=
github.com/hultan/softteam-tools v1.2.2 h1:3K80JRsMP6+UgYUtg0SirVYeZPDz7gTms9oIQKCVLQ4=
github.com/hultan/softteam-tools v1.2.2/go.mod h1:PxNInslnmARlAlqpYK/DhUGndmWVRU8HAh/Ir8RL9mI=
github.com/pmezard/go-difflib v1.0.0/go.mod h1:iKH77koFhYxTK1pcRnkKkqfTogsbg7gZNVY4sRDYZ/4=
github.com/stretchr/objx v0.1.0/go.mod h1:HFkY916IF+rwdDfMAkV7OtwuqBVzrE8GR6GFx+wExME=
github.com/stretchr/testify v1.7.0/go.mod h1:6Fq8oRcR53rry900zMqJjRRixrwX3KX962/h/Wwjteg=
gopkg.in/check.v1 v0.0.0-20161208181325-20d25e280405/go.mod h1:Co6ibVJAznAaIkqp8huTwlJQCZ016jof/cbN4VW5Yz0=
gopkg.in/yaml.v3 v3.0.0-20200313102051-9f266ea9e77c/go.mod h1:K4uyk7z7BCEPqu6E+C64Yfv1cQ7kz7rIZviUmN+EgEM=
